
Microsoft Visual Studio Solution File, Format Version 12.00
# Visual Studio 2012
Project("{FAE04EC0-301F-11D3-BF4B-00C04F79EFBC}") = "IP_UpdateTest", "IP_UpdateTest\IP_UpdateTest.csproj", "{BACD4C24-290A-49F5-8010-01EC919EF81C}"
EndProject
Global
	GlobalSection(SolutionConfigurationPlatforms) = preSolution
		Debug|Any CPU = Debug|Any CPU
		Release|Any CPU = Release|Any CPU
	EndGlobalSection
	GlobalSection(ProjectConfigurationPlatforms) = postSolution
		{BACD4C24-290A-49F5-8010-01EC919EF81C}.Debug|Any CPU.ActiveCfg = Debug|Any CPU
		{BACD4C24-290A-49F5-8010-01EC919EF81C}.Debug|Any CPU.Build.0 = Debug|Any CPU
		{BACD4C24-290A-49F5-8010-01EC919EF81C}.Release|Any CPU.ActiveCfg = Release|Any CPU
		{BACD4C24-290A-49F5-8010-01EC919EF81C}.Release|Any CPU.Build.0 = Release|Any CPU
	EndGlobalSection
	GlobalSection(SolutionProperties) = preSolution
		HideSolutionNode = FALSE
	EndGlobalSection
EndGlobal
